
Microsoft Visual Studio Solution File, Format Version 12.00
# Visual Studio Version 17
VisualStudioVersion = 17.1.32421.90
MinimumVisualStudioVersion = 10.0.40219.1
Project("{9A19103F-16F7-4668-BE54-9A1E7A4F7556}") = "CodeWarsCar", "CodeWarsCar\CodeWarsCar.csproj", "{5AA4E484-6B92-4B67-B67F-6014EC99BF89}"
EndProject
Project("{9A19103F-16F7-4668-BE54-9A1E7A4F7556}") = "CodeWarsCar.Tests", "..\CodeWarsCar.Tests\CodeWarsCar.Tests\CodeWarsCar.Tests.csproj", "{F1B7FB00-0CA5-4949-BBF0-526839822B6D}"
EndProject
Global
	GlobalSection(SolutionConfigurationPlatforms) = preSolution
		Debug|Any CPU = Debug|Any CPU
		Release|Any CPU = Release|Any CPU
	EndGlobalSection
	GlobalSection(ProjectConfigurationPlatforms) = postSolution
		{5AA4E484-6B92-4B67-B67F-6014EC99BF89}.Debug|Any CPU.ActiveCfg = Debug|Any CPU
		{5AA4E484-6B92-4B67-B67F-6014EC99BF89}.Debug|Any CPU.Build.0 = Debug|Any CPU
		{5AA4E484-6B92-4B67-B67F-6014EC99BF89}.Release|Any CPU.ActiveCfg = Release|Any CPU
		{5AA4E484-6B92-4B67-B67F-6014EC99BF89}.Release|Any CPU.Build.0 = Release|Any CPU
		{F1B7FB00-0CA5-4949-BBF0-526839822B6D}.Debug|Any CPU.ActiveCfg = Debug|Any CPU
		{F1B7FB00-0CA5-4949-BBF0-526839822B6D}.Debug|Any CPU.Build.0 = Debug|Any CPU
		{F1B7FB00-0CA5-4949-BBF0-526839822B6D}.Release|Any CPU.ActiveCfg = Release|Any CPU
		{F1B7FB00-0CA5-4949-BBF0-526839822B6D}.Release|Any CPU.Build.0 = Release|Any CPU
	EndGlobalSection
	GlobalSection(SolutionProperties) = preSolution
		HideSolutionNode = FALSE
	EndGlobalSection
	GlobalSection(ExtensibilityGlobals) = postSolution
		SolutionGuid = {BA00833F-6DE4-4598-9C89-E522D40A3F26}
	EndGlobalSection
EndGlobal
